<?xml version="1.0" encoding="UTF-8"?>
<!DOCTYPE plist PUBLIC "-//Apple//DTD PLIST 1.0//EN" "http://www.apple.com/DTDs/PropertyList-1.0.dtd">
<plist version="1.0">
<dict>
	<key>archiveVersion</key>
	<string>1</string>
	<key>classes</key>
	<dict/>
	<key>objectVersion</key>
	<string>46</string>
	<key>objects</key>
	<dict>
		<key>CA5F18C618E943F3005CAC58</key>
		<dict>
			<key>children</key>
			<array>
				<string>CA5F18D818E943F3005CAC58</string>
				<string>CA5F18F118E943F3005CAC58</string>
				<string>CA5F18D118E943F3005CAC58</string>
				<string>CA5F18D018E943F3005CAC58</string>
			</array>
			<key>isa</key>
			<string>PBXGroup</string>
			<key>sourceTree</key>
			<string>&lt;group&gt;</string>
		</dict>
		<key>CA5F18C718E943F3005CAC58</key>
		<dict>
			<key>attributes</key>
			<dict>
				<key>LastUpgradeCheck</key>
				<string>0510</string>
				<key>ORGANIZATIONNAME</key>
				<string>KingsleyYau</string>
				<key>TargetAttributes</key>
				<dict>
					<key>CA5F18E918E943F3005CAC58</key>
					<dict>
						<key>TestTargetID</key>
						<string>CA5F18CE18E943F3005CAC58</string>
					</dict>
				</dict>
			</dict>
			<key>buildConfigurationList</key>
			<string>CA5F18CA18E943F3005CAC58</string>
			<key>compatibilityVersion</key>
			<string>Xcode 3.2</string>
			<key>developmentRegion</key>
			<string>English</string>
			<key>hasScannedForEncodings</key>
			<string>0</string>
			<key>isa</key>
			<string>PBXProject</string>
			<key>knownRegions</key>
			<array>
				<string>en</string>
			</array>
			<key>mainGroup</key>
			<string>CA5F18C618E943F3005CAC58</string>
			<key>productRefGroup</key>
			<string>CA5F18D018E943F3005CAC58</string>
			<key>projectDirPath</key>
			<string></string>
			<key>projectRoot</key>
			<string></string>
			<key>targets</key>
			<array>
				<string>CA5F18CE18E943F3005CAC58</string>
				<string>CA5F18E918E943F3005CAC58</string>
			</array>
		</dict>
		<key>CA5F18CA18E943F3005CAC58</key>
		<dict>
			<key>buildConfigurations</key>
			<array>
				<string>CA5F18F918E943F3005CAC58</string>
				<string>CA5F18FA18E943F3005CAC58</string>
			</array>
			<key>defaultConfigurationIsVisible</key>
			<string>0</string>
			<key>defaultConfigurationName</key>
			<string>Release</string>
			<key>isa</key>
			<string>XCConfigurationList</string>
		</dict>
		<key>CA5F18CB18E943F3005CAC58</key>
		<dict>
			<key>buildActionMask</key>
			<string>2147483647</string>
			<key>files</key>
			<array>
				<string>CA5F18E318E943F3005CAC58</string>
				<string>CA5F18DF18E943F3005CAC58</string>
			</array>
			<key>isa</key>
			<string>PBXSourcesBuildPhase</string>
			<key>runOnlyForDeploymentPostprocessing</key>
			<string>0</string>
		</dict>
		<key>CA5F18CC18E943F3005CAC58</key>
		<dict>
			<key>buildActionMask</key>
			<string>2147483647</string>
			<key>files</key>
			<array>
				<string>CA5F18D518E943F3005CAC58</string>
				<string>CA5F18D718E943F3005CAC58</string>
				<string>CA5F18D318E943F3005CAC58</string>
			</array>
			<key>isa</key>
			<string>PBXFrameworksBuildPhase</string>
			<key>runOnlyForDeploymentPostprocessing</key>
			<string>0</string>
		</dict>
		<key>CA5F18CD18E943F3005CAC58</key>
		<dict>
			<key>buildActionMask</key>
			<string>2147483647</string>
			<key>files</key>
			<array>
				<string>CA5F18DD18E943F3005CAC58</string>
				<string>CA5F18E518E943F3005CAC58</string>
			</array>
			<key>isa</key>
			<string>PBXResourcesBuildPhase</string>
			<key>runOnlyForDeploymentPostprocessing</key>
			<string>0</string>
		</dict>
		<key>CA5F18CE18E943F3005CAC58</key>
		<dict>
			<key>buildConfigurationList</key>
			<string>CA5F18FB18E943F3005CAC58</string>
			<key>buildPhases</key>
			<array>
				<string>CA5F18CB18E943F3005CAC58</string>
				<string>CA5F18CC18E943F3005CAC58</string>
				<string>CA5F18CD18E943F3005CAC58</string>
				<string>OBJCLEANCUSTOMRUNSCRIPTT</string>
			</array>
			<key>buildRules</key>
			<array/>
			<key>dependencies</key>
			<array/>
			<key>isa</key>
			<string>PBXNativeTarget</string>
			<key>name</key>
			<string>DrPPPoEBooter</string>
			<key>productName</key>
			<string>DrPPPoEBooter</string>
			<key>productReference</key>
			<string>CA5F18CF18E943F3005CAC58</string>
			<key>productType</key>
			<string>com.apple.product-type.application</string>
		</dict>
		<key>CA5F18CF18E943F3005CAC58</key>
		<dict>
			<key>explicitFileType</key>
			<string>wrapper.application</string>
			<key>includeInIndex</key>
			<string>0</string>
			<key>isa</key>
			<string>PBXFileReference</string>
			<key>path</key>
			<string>DrPPPoEBooter.app</string>
			<key>sourceTree</key>
			<string>BUILT_PRODUCTS_DIR</string>
		</dict>
		<key>CA5F18D018E943F3005CAC58</key>
		<dict>
			<key>children</key>
			<array>
				<string>CA5F18CF18E943F3005CAC58</string>
				<string>CA5F18EA18E943F3005CAC58</string>
			</array>
			<key>isa</key>
			<string>PBXGroup</string>
			<key>name</key>
			<string>Products</string>
			<key>sourceTree</key>
			<string>&lt;group&gt;</string>
		</dict>
		<key>CA5F18D118E943F3005CAC58</key>
		<dict>
			<key>children</key>
			<array>
				<string>CA5F18D218E943F3005CAC58</string>
				<string>CA5F18D418E943F3005CAC58</string>
				<string>CA5F18D618E943F3005CAC58</string>
				<string>CA5F18EB18E943F3005CAC58</string>
			</array>
			<key>isa</key>
			<string>PBXGroup</string>
			<key>name</key>
			<string>Frameworks</string>
			<key>sourceTree</key>
			<string>&lt;group&gt;</string>
		</dict>
		<key>CA5F18D218E943F3005CAC58</key>
		<dict>
			<key>isa</key>
			<string>PBXFileReference</string>
			<key>lastKnownFileType</key>
			<string>wrapper.framework</string>
			<key>name</key>
			<string>Foundation.framework</string>
			<key>path</key>
			<string>System/Library/Frameworks/Foundation.framework</string>
			<key>sourceTree</key>
			<string>SDKROOT</string>
		</dict>
		<key>CA5F18D318E943F3005CAC58</key>
		<dict>
			<key>fileRef</key>
			<string>CA5F18D218E943F3005CAC58</string>
			<key>isa</key>
			<string>PBXBuildFile</string>
		</dict>
		<key>CA5F18D418E943F3005CAC58</key>
		<dict>
			<key>isa</key>
			<string>PBXFileReference</string>
			<key>lastKnownFileType</key>
			<string>wrapper.framework</string>
			<key>name</key>
			<string>CoreGraphics.framework</string>
			<key>path</key>
			<string>System/Library/Frameworks/CoreGraphics.framework</string>
			<key>sourceTree</key>
			<string>SDKROOT</string>
		</dict>
		<key>CA5F18D518E943F3005CAC58</key>
		<dict>
			<key>fileRef</key>
			<string>CA5F18D418E943F3005CAC58</string>
			<key>isa</key>
			<string>PBXBuildFile</string>
		</dict>
		<key>CA5F18D618E943F3005CAC58</key>
		<dict>
			<key>isa</key>
			<string>PBXFileReference</string>
			<key>lastKnownFileType</key>
			<string>wrapper.framework</string>
			<key>name</key>
			<string>UIKit.framework</string>
			<key>path</key>
			<string>System/Library/Frameworks/UIKit.framework</string>
			<key>sourceTree</key>
			<string>SDKROOT</string>
		</dict>
		<key>CA5F18D718E943F3005CAC58</key>
		<dict>
			<key>fileRef</key>
			<string>CA5F18D618E943F3005CAC58</string>
			<key>isa</key>
			<string>PBXBuildFile</string>
		</dict>
		<key>CA5F18D818E943F3005CAC58</key>
		<dict>
			<key>children</key>
			<array>
				<string>CA5F18E118E943F3005CAC58</string>
				<string>CA5F18E218E943F3005CAC58</string>
				<string>CA5F18E418E943F3005CAC58</string>
				<string>CA5F18D918E943F3005CAC58</string>
			</array>
			<key>isa</key>
			<string>PBXGroup</string>
			<key>path</key>
			<string>DrPPPoEBooter</string>
			<key>sourceTree</key>
			<string>&lt;group&gt;</string>
		</dict>
		<key>CA5F18D918E943F3005CAC58</key>
		<dict>
			<key>children</key>
			<array>
				<string>CA5F18DA18E943F3005CAC58</string>
				<string>CA5F18DB18E943F3005CAC58</string>
				<string>CA5F18DE18E943F3005CAC58</string>
				<string>CA5F18E018E943F3005CAC58</string>
			</array>
			<key>isa</key>
			<string>PBXGroup</string>
			<key>name</key>
			<string>Supporting Files</string>
			<key>sourceTree</key>
			<string>&lt;group&gt;</string>
		</dict>
		<key>CA5F18DA18E943F3005CAC58</key>
		<dict>
			<key>isa</key>
			<string>PBXFileReference</string>
			<key>lastKnownFileType</key>
			<string>text.plist.xml</string>
			<key>path</key>
			<string>DrPPPoEBooter-Info.plist</string>
			<key>sourceTree</key>
			<string>&lt;group&gt;</string>
		</dict>
		<key>CA5F18DB18E943F3005CAC58</key>
		<dict>
			<key>children</key>
			<array>
				<string>CA5F18DC18E943F3005CAC58</string>
			</array>
			<key>isa</key>
			<string>PBXVariantGroup</string>
			<key>name</key>
			<string>InfoPlist.strings</string>
			<key>sourceTree</key>
			<string>&lt;group&gt;</string>
		</dict>
		<key>CA5F18DC18E943F3005CAC58</key>
		<dict>
			<key>isa</key>
			<string>PBXFileReference</string>
			<key>lastKnownFileType</key>
			<string>text.plist.strings</string>
			<key>name</key>
			<string>en</string>
			<key>path</key>
			<string>en.lproj/InfoPlist.strings</string>
			<key>sourceTree</key>
			<string>&lt;group&gt;</string>
		</dict>
		<key>CA5F18DD18E943F3005CAC58</key>
		<dict>
			<key>fileRef</key>
			<string>CA5F18DB18E943F3005CAC58</string>
			<key>isa</key>
			<string>PBXBuildFile</string>
		</dict>
		<key>CA5F18DE18E943F3005CAC58</key>
		<dict>
			<key>isa</key>
			<string>PBXFileReference</string>
			<key>lastKnownFileType</key>
			<string>sourcecode.c.objc</string>
			<key>path</key>
			<string>main.m</string>
			<key>sourceTree</key>
			<string>&lt;group&gt;</string>
		</dict>
		<key>CA5F18DF18E943F3005CAC58</key>
		<dict>
			<key>fileRef</key>
			<string>CA5F18DE18E943F3005CAC58</string>
			<key>isa</key>
			<string>PBXBuildFile</string>
		</dict>
		<key>CA5F18E018E943F3005CAC58</key>
		<dict>
			<key>isa</key>
			<string>PBXFileReference</string>
			<key>lastKnownFileType</key>
			<string>sourcecode.c.h</string>
			<key>path</key>
			<string>DrPPPoEBooter-Prefix.pch</string>
			<key>sourceTree</key>
			<string>&lt;group&gt;</string>
		</dict>
		<key>CA5F18E118E943F3005CAC58</key>
		<dict>
			<key>isa</key>
			<string>PBXFileReference</string>
			<key>lastKnownFileType</key>
			<string>sourcecode.c.h</string>
			<key>path</key>
			<string>AppDelegate.h</string>
			<key>sourceTree</key>
			<string>&lt;group&gt;</string>
		</dict>
		<key>CA5F18E218E943F3005CAC58</key>
		<dict>
			<key>isa</key>
			<string>PBXFileReference</string>
			<key>lastKnownFileType</key>
			<string>sourcecode.c.objc</string>
			<key>path</key>
			<string>AppDelegate.m</string>
			<key>sourceTree</key>
			<string>&lt;group&gt;</string>
		</dict>
		<key>CA5F18E318E943F3005CAC58</key>
		<dict>
			<key>fileRef</key>
			<string>CA5F18E218E943F3005CAC58</string>
			<key>isa</key>
			<string>PBXBuildFile</string>
		</dict>
		<key>CA5F18E418E943F3005CAC58</key>
		<dict>
			<key>isa</key>
			<string>PBXFileReference</string>
			<key>lastKnownFileType</key>
			<string>folder.assetcatalog</string>
			<key>path</key>
			<string>Images.xcassets</string>
			<key>sourceTree</key>
			<string>&lt;group&gt;</string>
		</dict>
		<key>CA5F18E518E943F3005CAC58</key>
		<dict>
			<key>fileRef</key>
			<string>CA5F18E418E943F3005CAC58</string>
			<key>isa</key>
			<string>PBXBuildFile</string>
		</dict>
		<key>CA5F18E618E943F3005CAC58</key>
		<dict>
			<key>buildActionMask</key>
			<string>2147483647</string>
			<key>files</key>
			<array>
				<string>CA5F18F818E943F3005CAC58</string>
			</array>
			<key>isa</key>
			<string>PBXSourcesBuildPhase</string>
			<key>runOnlyForDeploymentPostprocessing</key>
			<string>0</string>
		</dict>
		<key>CA5F18E718E943F3005CAC58</key>
		<dict>
			<key>buildActionMask</key>
			<string>2147483647</string>
			<key>files</key>
			<array>
				<string>CA5F18EC18E943F3005CAC58</string>
				<string>CA5F18EE18E943F3005CAC58</string>
				<string>CA5F18ED18E943F3005CAC58</string>
			</array>
			<key>isa</key>
			<string>PBXFrameworksBuildPhase</string>
			<key>runOnlyForDeploymentPostprocessing</key>
			<string>0</string>
		</dict>
		<key>CA5F18E818E943F3005CAC58</key>
		<dict>
			<key>buildActionMask</key>
			<string>2147483647</string>
			<key>files</key>
			<array>
				<string>CA5F18F618E943F3005CAC58</string>
			</array>
			<key>isa</key>
			<string>PBXResourcesBuildPhase</string>
			<key>runOnlyForDeploymentPostprocessing</key>
			<string>0</string>
		</dict>
		<key>CA5F18E918E943F3005CAC58</key>
		<dict>
			<key>buildConfigurationList</key>
			<string>CA5F18FE18E943F3005CAC58</string>
			<key>buildPhases</key>
			<array>
				<string>CA5F18E618E943F3005CAC58</string>
				<string>CA5F18E718E943F3005CAC58</string>
				<string>CA5F18E818E943F3005CAC58</string>
			</array>
			<key>buildRules</key>
			<array/>
			<key>dependencies</key>
			<array>
				<string>CA5F18F018E943F3005CAC58</string>
			</array>
			<key>isa</key>
			<string>PBXNativeTarget</string>
			<key>name</key>
			<string>DrPPPoEBooterTests</string>
			<key>productName</key>
			<string>DrPPPoEBooterTests</string>
			<key>productReference</key>
			<string>CA5F18EA18E943F3005CAC58</string>
			<key>productType</key>
			<string>com.apple.product-type.bundle.unit-test</string>
		</dict>
		<key>CA5F18EA18E943F3005CAC58</key>
		<dict>
			<key>explicitFileType</key>
			<string>wrapper.cfbundle</string>
			<key>includeInIndex</key>
			<string>0</string>
			<key>isa</key>
			<string>PBXFileReference</string>
			<key>path</key>
			<string>DrPPPoEBooterTests.xctest</string>
			<key>sourceTree</key>
			<string>BUILT_PRODUCTS_DIR</string>
		</dict>
		<key>CA5F18EB18E943F3005CAC58</key>
		<dict>
			<key>isa</key>
			<string>PBXFileReference</string>
			<key>lastKnownFileType</key>
			<string>wrapper.framework</string>
			<key>name</key>
			<string>XCTest.framework</string>
			<key>path</key>
			<string>Library/Frameworks/XCTest.framework</string>
			<key>sourceTree</key>
			<string>DEVELOPER_DIR</string>
		</dict>
		<key>CA5F18EC18E943F3005CAC58</key>
		<dict>
			<key>fileRef</key>
			<string>CA5F18EB18E943F3005CAC58</string>
			<key>isa</key>
			<string>PBXBuildFile</string>
		</dict>
		<key>CA5F18ED18E943F3005CAC58</key>
		<dict>
			<key>fileRef</key>
			<string>CA5F18D218E943F3005CAC58</string>
			<key>isa</key>
			<string>PBXBuildFile</string>
		</dict>
		<key>CA5F18EE18E943F3005CAC58</key>
		<dict>
			<key>fileRef</key>
			<string>CA5F18D618E943F3005CAC58</string>
			<key>isa</key>
			<string>PBXBuildFile</string>
		</dict>
		<key>CA5F18EF18E943F3005CAC58</key>
		<dict>
			<key>containerPortal</key>
			<string>CA5F18C718E943F3005CAC58</string>
			<key>isa</key>
			<string>PBXContainerItemProxy</string>
			<key>proxyType</key>
			<string>1</string>
			<key>remoteGlobalIDString</key>
			<string>CA5F18CE18E943F3005CAC58</string>
			<key>remoteInfo</key>
			<string>DrPPPoEBooter</string>
		</dict>
		<key>CA5F18F018E943F3005CAC58</key>
		<dict>
			<key>isa</key>
			<string>PBXTargetDependency</string>
			<key>target</key>
			<string>CA5F18CE18E943F3005CAC58</string>
			<key>targetProxy</key>
			<string>CA5F18EF18E943F3005CAC58</string>
		</dict>
		<key>CA5F18F118E943F3005CAC58</key>
		<dict>
			<key>children</key>
			<array>
				<string>CA5F18F718E943F3005CAC58</string>
				<string>CA5F18F218E943F3005CAC58</string>
			</array>
			<key>isa</key>
			<string>PBXGroup</string>
			<key>path</key>
			<string>DrPPPoEBooterTests</string>
			<key>sourceTree</key>
			<string>&lt;group&gt;</string>
		</dict>
		<key>CA5F18F218E943F3005CAC58</key>
		<dict>
			<key>children</key>
			<array>
				<string>CA5F18F318E943F3005CAC58</string>
				<string>CA5F18F418E943F3005CAC58</string>
			</array>
			<key>isa</key>
			<string>PBXGroup</string>
			<key>name</key>
			<string>Supporting Files</string>
			<key>sourceTree</key>
			<string>&lt;group&gt;</string>
		</dict>
		<key>CA5F18F318E943F3005CAC58</key>
		<dict>
			<key>isa</key>
			<string>PBXFileReference</string>
			<key>lastKnownFileType</key>
			<string>text.plist.xml</string>
			<key>path</key>
			<string>DrPPPoEBooterTests-Info.plist</string>
			<key>sourceTree</key>
			<string>&lt;group&gt;</string>
		</dict>
		<key>CA5F18F418E943F3005CAC58</key>
		<dict>
			<key>children</key>
			<array>
				<string>CA5F18F518E943F3005CAC58</string>
			</array>
			<key>isa</key>
			<string>PBXVariantGroup</string>
			<key>name</key>
			<string>InfoPlist.strings</string>
			<key>sourceTree</key>
			<string>&lt;group&gt;</string>
		</dict>
		<key>CA5F18F518E943F3005CAC58</key>
		<dict>
			<key>isa</key>
			<string>PBXFileReference</string>
			<key>lastKnownFileType</key>
			<string>text.plist.strings</string>
			<key>name</key>
			<string>en</string>
			<key>path</key>
			<string>en.lproj/InfoPlist.strings</string>
			<key>sourceTree</key>
			<string>&lt;group&gt;</string>
		</dict>
		<key>CA5F18F618E943F3005CAC58</key>
		<dict>
			<key>fileRef</key>
			<string>CA5F18F418E943F3005CAC58</string>
			<key>isa</key>
			<string>PBXBuildFile</string>
		</dict>
		<key>CA5F18F718E943F3005CAC58</key>
		<dict>
			<key>isa</key>
			<string>PBXFileReference</string>
			<key>lastKnownFileType</key>
			<string>sourcecode.c.objc</string>
			<key>path</key>
			<string>DrPPPoEBooterTests.m</string>
			<key>sourceTree</key>
			<string>&lt;group&gt;</string>
		</dict>
		<key>CA5F18F818E943F3005CAC58</key>
		<dict>
			<key>fileRef</key>
			<string>CA5F18F718E943F3005CAC58</string>
			<key>isa</key>
			<string>PBXBuildFile</string>
		</dict>
		<key>CA5F18F918E943F3005CAC58</key>
		<dict>
			<key>buildSettings</key>
			<dict>
				<key>ALWAYS_SEARCH_USER_PATHS</key>
				<string>NO</string>
				<key>CLANG_CXX_LANGUAGE_STANDARD</key>
				<string>gnu++0x</string>
				<key>CLANG_CXX_LIBRARY</key>
				<string>libc++</string>
				<key>CLANG_ENABLE_MODULES</key>
				<string>YES</string>
				<key>CLANG_ENABLE_OBJC_ARC</key>
				<string>YES</string>
				<key>CLANG_WARN_BOOL_CONVERSION</key>
				<string>YES</string>
				<key>CLANG_WARN_CONSTANT_CONVERSION</key>
				<string>YES</string>
				<key>CLANG_WARN_DIRECT_OBJC_ISA_USAGE</key>
				<string>YES_ERROR</string>
				<key>CLANG_WARN_EMPTY_BODY</key>
				<string>YES</string>
				<key>CLANG_WARN_ENUM_CONVERSION</key>
				<string>YES</string>
				<key>CLANG_WARN_INT_CONVERSION</key>
				<string>YES</string>
				<key>CLANG_WARN_OBJC_ROOT_CLASS</key>
				<string>YES_ERROR</string>
				<key>CLANG_WARN__DUPLICATE_METHOD_MATCH</key>
				<string>YES</string>
				<key>CODE_SIGN_IDENTITY[sdk=iphoneos*]</key>
				<string>iPhone Developer</string>
				<key>COPY_PHASE_STRIP</key>
				<string>NO</string>
				<key>GCC_C_LANGUAGE_STANDARD</key>
				<string>gnu99</string>
				<key>GCC_DYNAMIC_NO_PIC</key>
				<string>NO</string>
				<key>GCC_OPTIMIZATION_LEVEL</key>
				<string>0</string>
				<key>GCC_PREPROCESSOR_DEFINITIONS</key>
				<array>
					<string>DEBUG=1</string>
					<string>$(inherited)</string>
				</array>
				<key>GCC_SYMBOLS_PRIVATE_EXTERN</key>
				<string>NO</string>
				<key>GCC_WARN_64_TO_32_BIT_CONVERSION</key>
				<string>YES</string>
				<key>GCC_WARN_ABOUT_RETURN_TYPE</key>
				<string>YES_ERROR</string>
				<key>GCC_WARN_UNDECLARED_SELECTOR</key>
				<string>YES</string>
				<key>GCC_WARN_UNINITIALIZED_AUTOS</key>
				<string>YES_AGGRESSIVE</string>
				<key>GCC_WARN_UNUSED_FUNCTION</key>
				<string>YES</string>
				<key>GCC_WARN_UNUSED_VARIABLE</key>
				<string>YES</string>
				<key>IPHONEOS_DEPLOYMENT_TARGET</key>
				<string>7.1</string>
				<key>ONLY_ACTIVE_ARCH</key>
				<string>YES</string>
				<key>SDKROOT</key>
				<string>iphoneos</string>
				<key>TARGETED_DEVICE_FAMILY</key>
				<string>1,2</string>
			</dict>
			<key>isa</key>
			<string>XCBuildConfiguration</string>
			<key>name</key>
			<string>Debug</string>
		</dict>
		<key>CA5F18FA18E943F3005CAC58</key>
		<dict>
			<key>buildSettings</key>
			<dict>
				<key>ALWAYS_SEARCH_USER_PATHS</key>
				<string>NO</string>
				<key>CLANG_CXX_LANGUAGE_STANDARD</key>
				<string>gnu++0x</string>
				<key>CLANG_CXX_LIBRARY</key>
				<string>libc++</string>
				<key>CLANG_ENABLE_MODULES</key>
				<string>YES</string>
				<key>CLANG_ENABLE_OBJC_ARC</key>
				<string>YES</string>
				<key>CLANG_WARN_BOOL_CONVERSION</key>
				<string>YES</string>
				<key>CLANG_WARN_CONSTANT_CONVERSION</key>
				<string>YES</string>
				<key>CLANG_WARN_DIRECT_OBJC_ISA_USAGE</key>
				<string>YES_ERROR</string>
				<key>CLANG_WARN_EMPTY_BODY</key>
				<string>YES</string>
				<key>CLANG_WARN_ENUM_CONVERSION</key>
				<string>YES</string>
				<key>CLANG_WARN_INT_CONVERSION</key>
				<string>YES</string>
				<key>CLANG_WARN_OBJC_ROOT_CLASS</key>
				<string>YES_ERROR</string>
				<key>CLANG_WARN__DUPLICATE_METHOD_MATCH</key>
				<string>YES</string>
				<key>CODE_SIGN_IDENTITY[sdk=iphoneos*]</key>
				<string>iPhone Developer</string>
				<key>COPY_PHASE_STRIP</key>
				<string>YES</string>
				<key>ENABLE_NS_ASSERTIONS</key>
				<string>NO</string>
				<key>GCC_C_LANGUAGE_STANDARD</key>
				<string>gnu99</string>
				<key>GCC_WARN_64_TO_32_BIT_CONVERSION</key>
				<string>YES</string>
				<key>GCC_WARN_ABOUT_RETURN_TYPE</key>
				<string>YES_ERROR</string>
				<key>GCC_WARN_UNDECLARED_SELECTOR</key>
				<string>YES</string>
				<key>GCC_WARN_UNINITIALIZED_AUTOS</key>
				<string>YES_AGGRESSIVE</string>
				<key>GCC_WARN_UNUSED_FUNCTION</key>
				<string>YES</string>
				<key>GCC_WARN_UNUSED_VARIABLE</key>
				<string>YES</string>
				<key>IPHONEOS_DEPLOYMENT_TARGET</key>
				<string>7.1</string>
				<key>SDKROOT</key>
				<string>iphoneos</string>
				<key>TARGETED_DEVICE_FAMILY</key>
				<string>1,2</string>
				<key>VALIDATE_PRODUCT</key>
				<string>YES</string>
			</dict>
			<key>isa</key>
			<string>XCBuildConfiguration</string>
			<key>name</key>
			<string>Release</string>
		</dict>
		<key>CA5F18FB18E943F3005CAC58</key>
		<dict>
			<key>buildConfigurations</key>
			<array>
				<string>CA5F18FC18E943F3005CAC58</string>
				<string>CA5F18FD18E943F3005CAC58</string>
			</array>
			<key>defaultConfigurationIsVisible</key>
			<string>0</string>
			<key>isa</key>
			<string>XCConfigurationList</string>
		</dict>
		<key>CA5F18FC18E943F3005CAC58</key>
		<dict>
			<key>buildSettings</key>
			<dict>
				<key>ASSETCATALOG_COMPILER_APPICON_NAME</key>
				<string>AppIcon</string>
				<key>ASSETCATALOG_COMPILER_LAUNCHIMAGE_NAME</key>
				<string>LaunchImage</string>
				<key>GCC_INPUT_FILETYPE</key>
				<string>sourcecode.cpp.objcpp</string>
				<key>GCC_PRECOMPILE_PREFIX_HEADER</key>
				<string>YES</string>
				<key>GCC_PREFIX_HEADER</key>
				<string>DrPPPoEBooter/DrPPPoEBooter-Prefix.pch</string>
				<key>INFOPLIST_FILE</key>
				<string>DrPPPoEBooter/DrPPPoEBooter-Info.plist</string>
				<key>IPHONEOS_DEPLOYMENT_TARGET</key>
				<string>6.0</string>
				<key>PRODUCT_NAME</key>
				<string>$(TARGET_NAME)</string>
				<key>WRAPPER_EXTENSION</key>
				<string>app</string>
			</dict>
			<key>isa</key>
			<string>XCBuildConfiguration</string>
			<key>name</key>
			<string>Debug</string>
		</dict>
		<key>CA5F18FD18E943F3005CAC58</key>
		<dict>
			<key>buildSettings</key>
			<dict>
				<key>ASSETCATALOG_COMPILER_APPICON_NAME</key>
				<string>AppIcon</string>
				<key>ASSETCATALOG_COMPILER_LAUNCHIMAGE_NAME</key>
				<string>LaunchImage</string>
				<key>GCC_INPUT_FILETYPE</key>
				<string>sourcecode.cpp.objcpp</string>
				<key>GCC_PRECOMPILE_PREFIX_HEADER</key>
				<string>YES</string>
				<key>GCC_PREFIX_HEADER</key>
				<string>DrPPPoEBooter/DrPPPoEBooter-Prefix.pch</string>
				<key>INFOPLIST_FILE</key>
				<string>DrPPPoEBooter/DrPPPoEBooter-Info.plist</string>
				<key>IPHONEOS_DEPLOYMENT_TARGET</key>
				<string>6.0</string>
				<key>PRODUCT_NAME</key>
				<string>$(TARGET_NAME)</string>
				<key>WRAPPER_EXTENSION</key>
				<string>app</string>
			</dict>
			<key>isa</key>
			<string>XCBuildConfiguration</string>
			<key>name</key>
			<string>Release</string>
		</dict>
		<key>CA5F18FE18E943F3005CAC58</key>
		<dict>
			<key>buildConfigurations</key>
			<array>
				<string>CA5F18FF18E943F3005CAC58</string>
				<string>CA5F190018E943F3005CAC58</string>
			</array>
			<key>defaultConfigurationIsVisible</key>
			<string>0</string>
			<key>isa</key>
			<string>XCConfigurationList</string>
		</dict>
		<key>CA5F18FF18E943F3005CAC58</key>
		<dict>
			<key>buildSettings</key>
			<dict>
				<key>BUNDLE_LOADER</key>
				<string>$(BUILT_PRODUCTS_DIR)/DrPPPoEBooter.app/DrPPPoEBooter</string>
				<key>FRAMEWORK_SEARCH_PATHS</key>
				<array>
					<string>$(SDKROOT)/Developer/Library/Frameworks</string>
					<string>$(inherited)</string>
					<string>$(DEVELOPER_FRAMEWORKS_DIR)</string>
				</array>
				<key>GCC_PRECOMPILE_PREFIX_HEADER</key>
				<string>YES</string>
				<key>GCC_PREFIX_HEADER</key>
				<string>DrPPPoEBooter/DrPPPoEBooter-Prefix.pch</string>
				<key>GCC_PREPROCESSOR_DEFINITIONS</key>
				<array>
					<string>DEBUG=1</string>
					<string>$(inherited)</string>
				</array>
				<key>INFOPLIST_FILE</key>
				<string>DrPPPoEBooterTests/DrPPPoEBooterTests-Info.plist</string>
				<key>PRODUCT_NAME</key>
				<string>$(TARGET_NAME)</string>
				<key>TEST_HOST</key>
				<string>$(BUNDLE_LOADER)</string>
				<key>WRAPPER_EXTENSION</key>
				<string>xctest</string>
			</dict>
			<key>isa</key>
			<string>XCBuildConfiguration</string>
			<key>name</key>
			<string>Debug</string>
		</dict>
		<key>CA5F190018E943F3005CAC58</key>
		<dict>
			<key>buildSettings</key>
			<dict>
				<key>BUNDLE_LOADER</key>
				<string>$(BUILT_PRODUCTS_DIR)/DrPPPoEBooter.app/DrPPPoEBooter</string>
				<key>FRAMEWORK_SEARCH_PATHS</key>
				<array>
					<string>$(SDKROOT)/Developer/Library/Frameworks</string>
					<string>$(inherited)</string>
					<string>$(DEVELOPER_FRAMEWORKS_DIR)</string>
				</array>
				<key>GCC_PRECOMPILE_PREFIX_HEADER</key>
				<string>YES</string>
				<key>GCC_PREFIX_HEADER</key>
				<string>DrPPPoEBooter/DrPPPoEBooter-Prefix.pch</string>
				<key>INFOPLIST_FILE</key>
				<string>DrPPPoEBooterTests/DrPPPoEBooterTests-Info.plist</string>
				<key>PRODUCT_NAME</key>
				<string>$(TARGET_NAME)</string>
				<key>TEST_HOST</key>
				<string>$(BUNDLE_LOADER)</string>
				<key>WRAPPER_EXTENSION</key>
				<string>xctest</string>
			</dict>
			<key>isa</key>
			<string>XCBuildConfiguration</string>
			<key>name</key>
			<string>Release</string>
		</dict>
		<key>OBJCLEANCUSTOMRUNSCRIPTT</key>
		<dict>
			<key>buildActionMask</key>
			<integer>2147483647</integer>
			<key>files</key>
			<array/>
			<key>inputPaths</key>
			<array/>
			<key>isa</key>
			<string>PBXShellScriptBuildPhase</string>
			<key>name</key>
			<string>Objective-Clean Run Script</string>
			<key>outputPaths</key>
			<array/>
			<key>runOnlyForDeploymentPostprocessing</key>
			<integer>0</integer>
			<key>shellPath</key>
			<string>/bin/bash</string>
			<key>shellScript</key>
			<string>if [[ -z ${SKIP_OBJCLEAN} || ${SKIP_OBJCLEAN} != 1 ]]; then
if [[ -d "${LOCAL_APPS_DIR}/Objective-Clean.app" ]]; then 
"${LOCAL_APPS_DIR}"/Objective-Clean.app/Contents/Resources/ObjClean.app/Contents/MacOS/ObjClean "${SRCROOT}" 
else
echo "warning: You have to install and set up Objective-Clean to use its features!" 
fi
fi</string>
		</dict>
	</dict>
	<key>rootObject</key>
	<string>CA5F18C718E943F3005CAC58</string>
</dict>
</plist>
